
Microsoft Visual Studio Solution File, Format Version 12.00
# Visual Studio Version 17
VisualStudioVersion = 17.0.31903.59
MinimumVisualStudioVersion = 10.0.40219.1
Project("{2150E333-8FDC-42A3-9474-1A3956D46DE8}") = "src", "src", "{827E0CD3-B72D-47B6-A68D-7590B98EB39B}"
EndProject
Project("{FAE04EC0-301F-11D3-BF4B-00C04F79EFBC}") = "Net.Agora.Video.Android", "src\Net.Agora.Video.Android\Net.Agora.Video.Android.csproj", "{B5058E71-ADDB-4152-A0F5-60C69107EFB8}"
EndProject
Project("{2150E333-8FDC-42A3-9474-1A3956D46DE8}") = "tests", "tests", "{0AB3BF05-4346-4AA6-1389-037BE0695223}"
EndProject
Project("{FAE04EC0-301F-11D3-BF4B-00C04F79EFBC}") = "Net.Agora.Android.PackageTests", "tests\Net.Agora.Android.PackageTests\Net.Agora.Android.PackageTests.csproj", "{E6024C1E-6B4C-42C1-9BF6-8C81EB5D2724}"
EndProject
Project("{FAE04EC0-301F-11D3-BF4B-00C04F79EFBC}") = "Net.Agora.Android.DeviceTests", "tests\Net.Agora.Android.DeviceTests\Net.Agora.Android.DeviceTests.csproj", "{ED47E6CD-6703-49F7-82E6-719C8AD7BBFE}"
EndProject
Project("{FAE04EC0-301F-11D3-BF4B-00C04F79EFBC}") = "Net.Agora.Voice.Android", "src\Net.Agora.Voice.Android\Net.Agora.Voice.Android.csproj", "{54F5B489-E74D-41DB-A110-3D3564478731}"
EndProject
Project("{FAE04EC0-301F-11D3-BF4B-00C04F79EFBC}") = "Net.Agora.Signaling.Android", "src\Net.Agora.Signaling.Android\Net.Agora.Signaling.Android.csproj", "{AF7C1327-99C7-4464-BCE5-2BA7E1EB70BC}"
EndProject
Global
	GlobalSection(SolutionConfigurationPlatforms) = preSolution
		Debug|Any CPU = Debug|Any CPU
		Debug|x64 = Debug|x64
		Debug|x86 = Debug|x86
		Release|Any CPU = Release|Any CPU
		Release|x64 = Release|x64
		Release|x86 = Release|x86
	EndGlobalSection
	GlobalSection(ProjectConfigurationPlatforms) = postSolution
		{B5058E71-ADDB-4152-A0F5-60C69107EFB8}.Debug|Any CPU.ActiveCfg = Debug|Any CPU
		{B5058E71-ADDB-4152-A0F5-60C69107EFB8}.Debug|Any CPU.Build.0 = Debug|Any CPU
		{B5058E71-ADDB-4152-A0F5-60C69107EFB8}.Debug|x64.ActiveCfg = Debug|Any CPU
		{B5058E71-ADDB-4152-A0F5-60C69107EFB8}.Debug|x64.Build.0 = Debug|Any CPU
		{B5058E71-ADDB-4152-A0F5-60C69107EFB8}.Debug|x86.ActiveCfg = Debug|Any CPU
		{B5058E71-ADDB-4152-A0F5-60C69107EFB8}.Debug|x86.Build.0 = Debug|Any CPU
		{B5058E71-ADDB-4152-A0F5-60C69107EFB8}.Release|Any CPU.ActiveCfg = Release|Any CPU
		{B5058E71-ADDB-4152-A0F5-60C69107EFB8}.Release|Any CPU.Build.0 = Release|Any CPU
		{B5058E71-ADDB-4152-A0F5-60C69107EFB8}.Release|x64.ActiveCfg = Release|Any CPU
		{B5058E71-ADDB-4152-A0F5-60C69107EFB8}.Release|x64.Build.0 = Release|Any CPU
		{B5058E71-ADDB-4152-A0F5-60C69107EFB8}.Release|x86.ActiveCfg = Release|Any CPU
		{B5058E71-ADDB-4152-A0F5-60C69107EFB8}.Release|x86.Build.0 = Release|Any CPU
		{E6024C1E-6B4C-42C1-9BF6-8C81EB5D2724}.Debug|Any CPU.ActiveCfg = Debug|Any CPU
		{E6024C1E-6B4C-42C1-9BF6-8C81EB5D2724}.Debug|Any CPU.Build.0 = Debug|Any CPU
		{E6024C1E-6B4C-42C1-9BF6-8C81EB5D2724}.Debug|x64.ActiveCfg = Debug|Any CPU
		{E6024C1E-6B4C-42C1-9BF6-8C81EB5D2724}.Debug|x64.Build.0 = Debug|Any CPU
		{E6024C1E-6B4C-42C1-9BF6-8C81EB5D2724}.Debug|x86.ActiveCfg = Debug|Any CPU
		{E6024C1E-6B4C-42C1-9BF6-8C81EB5D2724}.Debug|x86.Build.0 = Debug|Any CPU
		{E6024C1E-6B4C-42C1-9BF6-8C81EB5D2724}.Release|Any CPU.ActiveCfg = Release|Any CPU
		{E6024C1E-6B4C-42C1-9BF6-8C81EB5D2724}.Release|Any CPU.Build.0 = Release|Any CPU
		{E6024C1E-6B4C-42C1-9BF6-8C81EB5D2724}.Release|x64.ActiveCfg = Release|Any CPU
		{E6024C1E-6B4C-42C1-9BF6-8C81EB5D2724}.Release|x64.Build.0 = Release|Any CPU
		{E6024C1E-6B4C-42C1-9BF6-8C81EB5D2724}.Release|x86.ActiveCfg = Release|Any CPU
		{E6024C1E-6B4C-42C1-9BF6-8C81EB5D2724}.Release|x86.Build.0 = Release|Any CPU
		{ED47E6CD-6703-49F7-82E6-719C8AD7BBFE}.Debug|Any CPU.ActiveCfg = Debug|Any CPU
		{ED47E6CD-6703-49F7-82E6-719C8AD7BBFE}.Debug|Any CPU.Build.0 = Debug|Any CPU
		{ED47E6CD-6703-49F7-82E6-719C8AD7BBFE}.Debug|x64.ActiveCfg = Debug|Any CPU
		{ED47E6CD-6703-49F7-82E6-719C8AD7BBFE}.Debug|x64.Build.0 = Debug|Any CPU
		{ED47E6CD-6703-49F7-82E6-719C8AD7BBFE}.Debug|x86.ActiveCfg = Debug|Any CPU
		{ED47E6CD-6703-49F7-82E6-719C8AD7BBFE}.Debug|x86.Build.0 = Debug|Any CPU
		{ED47E6CD-6703-49F7-82E6-719C8AD7BBFE}.Release|Any CPU.ActiveCfg = Release|Any CPU
		{ED47E6CD-6703-49F7-82E6-719C8AD7BBFE}.Release|Any CPU.Build.0 = Release|Any CPU
		{ED47E6CD-6703-49F7-82E6-719C8AD7BBFE}.Release|x64.ActiveCfg = Release|Any CPU
		{ED47E6CD-6703-49F7-82E6-719C8AD7BBFE}.Release|x64.Build.0 = Release|Any CPU
		{ED47E6CD-6703-49F7-82E6-719C8AD7BBFE}.Release|x86.ActiveCfg = Release|Any CPU
		{ED47E6CD-6703-49F7-82E6-719C8AD7BBFE}.Release|x86.Build.0 = Release|Any CPU
		{54F5B489-E74D-41DB-A110-3D3564478731}.Debug|Any CPU.ActiveCfg = Debug|Any CPU
		{54F5B489-E74D-41DB-A110-3D3564478731}.Debug|Any CPU.Build.0 = Debug|Any CPU
		{54F5B489-E74D-41DB-A110-3D3564478731}.Debug|x64.ActiveCfg = Debug|Any CPU
		{54F5B489-E74D-41DB-A110-3D3564478731}.Debug|x64.Build.0 = Debug|Any CPU
		{54F5B489-E74D-41DB-A110-3D3564478731}.Debug|x86.ActiveCfg = Debug|Any CPU
		{54F5B489-E74D-41DB-A110-3D3564478731}.Debug|x86.Build.0 = Debug|Any CPU
		{54F5B489-E74D-41DB-A110-3D3564478731}.Release|Any CPU.ActiveCfg = Release|Any CPU
		{54F5B489-E74D-41DB-A110-3D3564478731}.Release|Any CPU.Build.0 = Release|Any CPU
		{54F5B489-E74D-41DB-A110-3D3564478731}.Release|x64.ActiveCfg = Release|Any CPU
		{54F5B489-E74D-41DB-A110-3D3564478731}.Release|x64.Build.0 = Release|Any CPU
		{54F5B489-E74D-41DB-A110-3D3564478731}.Release|x86.ActiveCfg = Release|Any CPU
		{54F5B489-E74D-41DB-A110-3D3564478731}.Release|x86.Build.0 = Release|Any CPU
		{AF7C1327-99C7-4464-BCE5-2BA7E1EB70BC}.Debug|Any CPU.ActiveCfg = Debug|Any CPU
		{AF7C1327-99C7-4464-BCE5-2BA7E1EB70BC}.Debug|Any CPU.Build.0 = Debug|Any CPU
		{AF7C1327-99C7-4464-BCE5-2BA7E1EB70BC}.Debug|x64.ActiveCfg = Debug|Any CPU
		{AF7C1327-99C7-4464-BCE5-2BA7E1EB70BC}.Debug|x64.Build.0 = Debug|Any CPU
		{AF7C1327-99C7-4464-BCE5-2BA7E1EB70BC}.Debug|x86.ActiveCfg = Debug|Any CPU
		{AF7C1327-99C7-4464-BCE5-2BA7E1EB70BC}.Debug|x86.Build.0 = Debug|Any CPU
		{AF7C1327-99C7-4464-BCE5-2BA7E1EB70BC}.Release|Any CPU.ActiveCfg = Release|Any CPU
		{AF7C1327-99C7-4464-BCE5-2BA7E1EB70BC}.Release|Any CPU.Build.0 = Release|Any CPU
		{AF7C1327-99C7-4464-BCE5-2BA7E1EB70BC}.Release|x64.ActiveCfg = Release|Any CPU
		{AF7C1327-99C7-4464-BCE5-2BA7E1EB70BC}.Release|x64.Build.0 = Release|Any CPU
		{AF7C1327-99C7-4464-BCE5-2BA7E1EB70BC}.Release|x86.ActiveCfg = Release|Any CPU
		{AF7C1327-99C7-4464-BCE5-2BA7E1EB70BC}.Release|x86.Build.0 = Release|Any CPU
	EndGlobalSection
	GlobalSection(SolutionProperties) = preSolution
		HideSolutionNode = FALSE
	EndGlobalSection
	GlobalSection(NestedProjects) = preSolution
		{B5058E71-ADDB-4152-A0F5-60C69107EFB8} = {827E0CD3-B72D-47B6-A68D-7590B98EB39B}
		{E6024C1E-6B4C-42C1-9BF6-8C81EB5D2724} = {0AB3BF05-4346-4AA6-1389-037BE0695223}
		{ED47E6CD-6703-49F7-82E6-719C8AD7BBFE} = {0AB3BF05-4346-4AA6-1389-037BE0695223}
		{54F5B489-E74D-41DB-A110-3D3564478731} = {827E0CD3-B72D-47B6-A68D-7590B98EB39B}
		{AF7C1327-99C7-4464-BCE5-2BA7E1EB70BC} = {827E0CD3-B72D-47B6-A68D-7590B98EB39B}
	EndGlobalSection
EndGlobal
